
Microsoft Visual Studio Solution File, Format Version 12.00
# Visual Studio Version 17
VisualStudioVersion = 17.7.34031.279
MinimumVisualStudioVersion = 10.0.40219.1
Project("{8BC9CEB8-8B4A-11D0-8D11-00A0C91BC942}") = "PR_8.1_char", "PR_8.1_char.vcxproj", "{9271D8DE-E242-4CA5-9EFB-1D7010B49CE5}"
EndProject
Project("{8BC9CEB8-8B4A-11D0-8D11-00A0C91BC942}") = "UnitTest1", "UnitTest1\UnitTest1.vcxproj", "{16830129-593C-4743-BBE7-BC1C3F0F95F6}"
EndProject
Global
	GlobalSection(SolutionConfigurationPlatforms) = preSolution
		Debug|x64 = Debug|x64
		Debug|x86 = Debug|x86
		Release|x64 = Release|x64
		Release|x86 = Release|x86
	EndGlobalSection
	GlobalSection(ProjectConfigurationPlatforms) = postSolution
		{9271D8DE-E242-4CA5-9EFB-1D7010B49CE5}.Debug|x64.ActiveCfg = Debug|x64
		{9271D8DE-E242-4CA5-9EFB-1D7010B49CE5}.Debug|x64.Build.0 = Debug|x64
		{9271D8DE-E242-4CA5-9EFB-1D7010B49CE5}.Debug|x86.ActiveCfg = Debug|Win32
		{9271D8DE-E242-4CA5-9EFB-1D7010B49CE5}.Debug|x86.Build.0 = Debug|Win32
		{9271D8DE-E242-4CA5-9EFB-1D7010B49CE5}.Release|x64.ActiveCfg = Release|x64
		{9271D8DE-E242-4CA5-9EFB-1D7010B49CE5}.Release|x64.Build.0 = Release|x64
		{9271D8DE-E242-4CA5-9EFB-1D7010B49CE5}.Release|x86.ActiveCfg = Release|Win32
		{9271D8DE-E242-4CA5-9EFB-1D7010B49CE5}.Release|x86.Build.0 = Release|Win32
		{16830129-593C-4743-BBE7-BC1C3F0F95F6}.Debug|x64.ActiveCfg = Debug|x64
		{16830129-593C-4743-BBE7-BC1C3F0F95F6}.Debug|x64.Build.0 = Debug|x64
		{16830129-593C-4743-BBE7-BC1C3F0F95F6}.Debug|x86.ActiveCfg = Debug|Win32
		{16830129-593C-4743-BBE7-BC1C3F0F95F6}.Debug|x86.Build.0 = Debug|Win32
		{16830129-593C-4743-BBE7-BC1C3F0F95F6}.Release|x64.ActiveCfg = Release|x64
		{16830129-593C-4743-BBE7-BC1C3F0F95F6}.Release|x64.Build.0 = Release|x64
		{16830129-593C-4743-BBE7-BC1C3F0F95F6}.Release|x86.ActiveCfg = Release|Win32
		{16830129-593C-4743-BBE7-BC1C3F0F95F6}.Release|x86.Build.0 = Release|Win32
	EndGlobalSection
	GlobalSection(SolutionProperties) = preSolution
		HideSolutionNode = FALSE
	EndGlobalSection
	GlobalSection(ExtensibilityGlobals) = postSolution
		SolutionGuid = {1F63856E-BDC3-4C96-9C0B-0BFD5455ADE0}
	EndGlobalSection
EndGlobal
